
Microsoft Visual Studio Solution File, Format Version 12.00
# Visual Studio Version 17
VisualStudioVersion = 17.3.32929.385
MinimumVisualStudioVersion = 10.0.40219.1
Project("{FAE04EC0-301F-11D3-BF4B-00C04F79EFBC}") = "MyOnlineShop", "MyOnlineShop\MyOnlineShop.csproj", "{C43ED49F-F799-4844-9F69-0CA0005BF2CC}"
EndProject
Global
	GlobalSection(SolutionConfigurationPlatforms) = preSolution
		Debug|Any CPU = Debug|Any CPU
		Release|Any CPU = Release|Any CPU
	EndGlobalSection
	GlobalSection(ProjectConfigurationPlatforms) = postSolution
		{C43ED49F-F799-4844-9F69-0CA0005BF2CC}.Debug|Any CPU.ActiveCfg = Debug|Any CPU
		{C43ED49F-F799-4844-9F69-0CA0005BF2CC}.Debug|Any CPU.Build.0 = Debug|Any CPU
		{C43ED49F-F799-4844-9F69-0CA0005BF2CC}.Release|Any CPU.ActiveCfg = Release|Any CPU
		{C43ED49F-F799-4844-9F69-0CA0005BF2CC}.Release|Any CPU.Build.0 = Release|Any CPU
	EndGlobalSection
	GlobalSection(SolutionProperties) = preSolution
		HideSolutionNode = FALSE
	EndGlobalSection
	GlobalSection(ExtensibilityGlobals) = postSolution
		SolutionGuid = {25D036F6-FCF8-499B-9B45-16F45C56A9E6}
	EndGlobalSection
EndGlobal
